Microsoft Visual Studio Solution File, Format Version 12.00
# Visual Studio Version 17
VisualStudioVersion = 17.0.31903.59
MinimumVisualStudioVersion = 10.0.40219.1
Project("{2150E333-8FDC-42A3-9474-1A3956D46DE8}") = "Projects", "Projects", "{5CFC353A-1C5F-4EC8-7A2A-38039DD02367}"
EndProject
Project("{FAE04EC0-301F-11D3-BF4B-00C04F79EFBC}") = "SmartWarehouse.Core", "SmartWarehouse.Core\SmartWarehouse.Core.csproj", "{F1800F31-359A-4F3C-9BFF-D792A3ADD924}"
EndProject
Project("{FAE04EC0-301F-11D3-BF4B-00C04F79EFBC}") = "SmartWarehouse.Test", "SmartWarehouse.Test\SmartWarehouse.Test.csproj", "{373A31D2-ACC1-4A2C-B8CF-E12C0FCF9068}"
EndProject
Global
	GlobalSection(SolutionConfigurationPlatforms) = preSolution
		Debug|Any CPU = Debug|Any CPU
		Debug|x64 = Debug|x64
		Debug|x86 = Debug|x86
		Release|Any CPU = Release|Any CPU
		Release|x64 = Release|x64
		Release|x86 = Release|x86
	EndGlobalSection
	GlobalSection(ProjectConfigurationPlatforms) = postSolution
		{F1800F31-359A-4F3C-9BFF-D792A3ADD924}.Debug|Any CPU.ActiveCfg = Debug|Any CPU
		{F1800F31-359A-4F3C-9BFF-D792A3ADD924}.Debug|Any CPU.Build.0 = Debug|Any CPU
		{F1800F31-359A-4F3C-9BFF-D792A3ADD924}.Debug|x64.ActiveCfg = Debug|Any CPU
		{F1800F31-359A-4F3C-9BFF-D792A3ADD924}.Debug|x64.Build.0 = Debug|Any CPU
		{F1800F31-359A-4F3C-9BFF-D792A3ADD924}.Debug|x86.ActiveCfg = Debug|Any CPU
		{F1800F31-359A-4F3C-9BFF-D792A3ADD924}.Debug|x86.Build.0 = Debug|Any CPU
		{F1800F31-359A-4F3C-9BFF-D792A3ADD924}.Release|Any CPU.ActiveCfg = Release|Any CPU
		{F1800F31-359A-4F3C-9BFF-D792A3ADD924}.Release|Any CPU.Build.0 = Release|Any CPU
		{F1800F31-359A-4F3C-9BFF-D792A3ADD924}.Release|x64.ActiveCfg = Release|Any CPU
		{F1800F31-359A-4F3C-9BFF-D792A3ADD924}.Release|x64.Build.0 = Release|Any CPU
		{F1800F31-359A-4F3C-9BFF-D792A3ADD924}.Release|x86.ActiveCfg = Release|Any CPU
		{F1800F31-359A-4F3C-9BFF-D792A3ADD924}.Release|x86.Build.0 = Release|Any CPU
		{373A31D2-ACC1-4A2C-B8CF-E12C0FCF9068}.Debug|Any CPU.ActiveCfg = Debug|Any CPU
		{373A31D2-ACC1-4A2C-B8CF-E12C0FCF9068}.Debug|Any CPU.Build.0 = Debug|Any CPU
		{373A31D2-ACC1-4A2C-B8CF-E12C0FCF9068}.Debug|x64.ActiveCfg = Debug|Any CPU
		{373A31D2-ACC1-4A2C-B8CF-E12C0FCF9068}.Debug|x64.Build.0 = Debug|Any CPU
		{373A31D2-ACC1-4A2C-B8CF-E12C0FCF9068}.Debug|x86.ActiveCfg = Debug|Any CPU
		{373A31D2-ACC1-4A2C-B8CF-E12C0FCF9068}.Debug|x86.Build.0 = Debug|Any CPU
		{373A31D2-ACC1-4A2C-B8CF-E12C0FCF9068}.Release|Any CPU.ActiveCfg = Release|Any CPU
		{373A31D2-ACC1-4A2C-B8CF-E12C0FCF9068}.Release|Any CPU.Build.0 = Release|Any CPU
		{373A31D2-ACC1-4A2C-B8CF-E12C0FCF9068}.Release|x64.ActiveCfg = Release|Any CPU
		{373A31D2-ACC1-4A2C-B8CF-E12C0FCF9068}.Release|x64.Build.0 = Release|Any CPU
		{373A31D2-ACC1-4A2C-B8CF-E12C0FCF9068}.Release|x86.ActiveCfg = Release|Any CPU
		{373A31D2-ACC1-4A2C-B8CF-E12C0FCF9068}.Release|x86.Build.0 = Release|Any CPU
	EndGlobalSection
	GlobalSection(SolutionProperties) = preSolution
		HideSolutionNode = FALSE
	EndGlobalSection
	GlobalSection(NestedProjects) = preSolution
		{F1800F31-359A-4F3C-9BFF-D792A3ADD924} = {5CFC353A-1C5F-4EC8-7A2A-38039DD02367}
		{373A31D2-ACC1-4A2C-B8CF-E12C0FCF9068} = {5CFC353A-1C5F-4EC8-7A2A-38039DD02367}
	EndGlobalSection
EndGlobal
